
Microsoft Visual Studio Solution File, Format Version 12.00
# Visual Studio Version 16
VisualStudioVersion = 25.0.1703.0
MinimumVisualStudioVersion = 10.0.40219.1
Project("{FAE04EC0-301F-11D3-BF4B-00C04F79EFBC}") = "PartyInvites", "PartyInvites\PartyInvites.csproj", "{B247288A-E429-4585-9102-E05510C497CE}"
EndProject
Global
	GlobalSection(SolutionConfigurationPlatforms) = preSolution
		Debug|Any CPU = Debug|Any CPU
		Release|Any CPU = Release|Any CPU
	EndGlobalSection
	GlobalSection(ProjectConfigurationPlatforms) = postSolution
		{B247288A-E429-4585-9102-E05510C497CE}.Debug|Any CPU.ActiveCfg = Debug|Any CPU
		{B247288A-E429-4585-9102-E05510C497CE}.Debug|Any CPU.Build.0 = Debug|Any CPU
		{B247288A-E429-4585-9102-E05510C497CE}.Release|Any CPU.ActiveCfg = Release|Any CPU
		{B247288A-E429-4585-9102-E05510C497CE}.Release|Any CPU.Build.0 = Release|Any CPU
	EndGlobalSection
	GlobalSection(SolutionProperties) = preSolution
		HideSolutionNode = FALSE
	EndGlobalSection
	GlobalSection(ExtensibilityGlobals) = postSolution
		SolutionGuid = {5EC11E41-DE01-45D7-B469-6640275F4E22}
	EndGlobalSection
EndGlobal
